07670951a39739b6d1b50421ae61707ef23c8dff50cdf35f99408711478f3a7c  8031888  msvc/14.44.35207/lib/x64/msvcrt.lib
1acbd98b43a4be8373e25c65dcae4412f36f6111d6b64e47e4a2a97a1d16b27b  285940  msvc/14.44.35207/lib/x64/vcruntime.lib
7ef4eac926bf597d2f243f16cdfed7e0db22cb3ca34a1d7e088a84c994a03d66  285588  windows-sdk/10.0.19041.0/ucrt/x64/ucrt.lib
fd8f4d5daed4fca32d9d1f414b3011f1bcd72c2e390d24ff9b14998da5f41021  180018  windows-sdk/10.0.19041.0/um/x64/advapi32.lib
62e585b75aa59a0b45b0baff7b13f62e2dc54e9c1a11bcac3eb85cbe321fbbad  14156  windows-sdk/10.0.19041.0/um/x64/bcrypt.lib
ae3fb4efebfa58a0247792387c0cf48920a6b230937b2140785e4463295563fc  54374  windows-sdk/10.0.19041.0/um/x64/dbghelp.lib
d9810feacbb1150584cdd484ea1ce60b4e6b3ddec3b8afa505c0ae47330027e2  300468  windows-sdk/10.0.19041.0/um/x64/kernel32.lib
1e43877ac6e5d0e5cdb4e767a04a03c908b2a2abcb9c81489c99802569102aa6  499430  windows-sdk/10.0.19041.0/um/x64/ntdll.lib
7f2dac3c9a98684c6fc62828903f80fd99ad7a12c255e19bb063494fa3b09d2c  19480  windows-sdk/10.0.19041.0/um/x64/userenv.lib
bba03147f31d31493d8c236a376801a779a75e97d7cc9cf03269572f71ffaec4  149164  windows-sdk/10.0.19041.0/um/x64/ws2_32.lib
